
Microsoft Visual Studio Solution File, Format Version 12.00
# Visual Studio Version 17
VisualStudioVersion = 17.9.34616.47
MinimumVisualStudioVersion = 10.0.40219.1
Project("{FAE04EC0-301F-11D3-BF4B-00C04F79EFBC}") = "CarlosRamosExamenCRUD", "CarlosRamosExamenCRUD\CarlosRamosExamenCRUD.csproj", "{67DB2CB2-0E42-4993-AACC-295728E8EC73}"
EndProject
Global
	GlobalSection(SolutionConfigurationPlatforms) = preSolution
		Debug|Any CPU = Debug|Any CPU
		Release|Any CPU = Release|Any CPU
	EndGlobalSection
	GlobalSection(ProjectConfigurationPlatforms) = postSolution
		{67DB2CB2-0E42-4993-AACC-295728E8EC73}.Debug|Any CPU.ActiveCfg = Debug|Any CPU
		{67DB2CB2-0E42-4993-AACC-295728E8EC73}.Debug|Any CPU.Build.0 = Debug|Any CPU
		{67DB2CB2-0E42-4993-AACC-295728E8EC73}.Release|Any CPU.ActiveCfg = Release|Any CPU
		{67DB2CB2-0E42-4993-AACC-295728E8EC73}.Release|Any CPU.Build.0 = Release|Any CPU
	EndGlobalSection
	GlobalSection(SolutionProperties) = preSolution
		HideSolutionNode = FALSE
	EndGlobalSection
	GlobalSection(ExtensibilityGlobals) = postSolution
		SolutionGuid = {F3A3F2D6-6FC1-43B9-937D-DECFDF5721DD}
	EndGlobalSection
EndGlobal
